version = 1
revision = 3
requires-python = "==3.12.*"

[[package]]
name = "colorama"
version = "0.4.6"
source = { registry = "https://pypi.org/simple" }
sdist = { url = "https://files.pythonhosted.org/packages/d8/53/6f443c9a4a8358a93a6792e2acffb9d9d5cb0a5cfd8802644b7b1c9a02e4/colorama-0.4.6.tar.gz", hash = "sha256:08695f5cb7ed6e0531a20572697297273c47b8cae5a63ffc6d6ed5c201be6e44", size = 27697, upload-time = "2022-10-25T02:36:22.414Z" }
wheels = [
    { url = "https://files.pythonhosted.org/packages/d1/d6/3965ed04c63042e047cb6a3e6ed1a63a35087b6a609aa3a15ed8ac56c221/colorama-0.4.6-py2.py3-none-any.whl", hash = "sha256:4f1d9991f5acc0ca119f9d443620b77f9d6b33703e51011c16baf57afb285fc6", size = 25335, upload-time = "2022-10-25T02:36:20.889Z" },
]

[[package]]
name = "iniconfig"
version = "2.3.0"
source = { registry = "https://pypi.org/simple" }
sdist = { url = "https://files.pythonhosted.org/packages/72/34/14ca021ce8e5dfedc35312d08ba8bf51fdd999c576889fc2c24cb97f4f10/iniconfig-2.3.0.tar.gz", hash = "sha256:c76315c77db068650d49c5b56314774a7804df16fee4402c1f19d6d15d8c4730", size = 20503, upload-time = "2025-10-18T21:55:43.219Z" }
wheels = [
    { url = "https://files.pythonhosted.org/packages/cb/b1/3846dd7f199d53cb17f49cba7e651e9ce294d8497c8c150530ed11865bb8/iniconfig-2.3.0-py3-none-any.whl", hash = "sha256:f631c04d2c48c52b84d0d0549c99ff3859c98df65b3101406327ecc7d53fbf12", size = 7484, upload-time = "2025-10-18T21:55:41.639Z" },
]

[[package]]
name = "localflow-research"
version = "0.0.1"
source = { virtual = "." }
dependencies = [
    { name = "mlx" },
    { name = "numpy" },
    { name = "pytest" },
    { name = "unicodedata2" },
]

[package.metadata]
requires-dist = [
    { name = "mlx", specifier = "==0.32.3" },
    { name = "numpy", specifier = "==2.2.6" },
    { name = "pytest", specifier = "==8.4.2" },
    { name = "unicodedata2", specifier = "==15.1.0" },
]

[[package]]
name = "mlx"
version = "0.32.3"
source = { registry = "https://pypi.org/simple" }
dependencies = [
    { name = "mlx-metal", marker = "sys_platform == 'darwin'" },
]
wheels = [
    { url = "https://files.pythonhosted.org/packages/26/8c/2f8b796885b4c02ab9644916bebf656cd1d6d366df94d174b046903ea250/mlx-0.32.3-cp312-cp312-macosx_14_0_arm64.whl", hash = "sha256:7aecc3d4a904279492dae58e28378a3c4bec4533e7066e64ae5c78c7a5511f22", size = 651041, upload-time = "2026-09-29T00:22:36.481Z" },
    { url = "https://files.pythonhosted.org/packages/6e/06/aacd94119d4a999d43f07f24b02904d7f895ee074ed4678b28456c319ea3/mlx-0.32.3-cp312-cp312-macosx_15_0_arm64.whl", hash = "sha256:a6241ea8f56a08a6c3a06bbaad7d7fc2fc1c05f23757c61fe0a8797325ac6d46", size = 651042, upload-time = "2026-09-29T00:22:38.071Z" },
    { url = "https://files.pythonhosted.org/packages/4a/c1/13ff85d72f7cf01239c1031688b11cf1c7a3f0c7380636728976e510bfbd/mlx-0.32.3-cp312-cp312-macosx_26_0_arm64.whl", hash = "sha256:72711cb23cc6dccc5a460f63f39c11931a00b2c6dcd6fba253921090072e21bc", size = 651118, upload-time = "2026-09-29T00:22:39.503Z" },
    { url = "https://files.pythonhosted.org/packages/0e/c7/68b17902b5c38667e1ea1303a0c430ba1375cc5eea5e40d6b3a48b4d9f6d/mlx-0.32.3-cp312-cp312-manylinux_2_35_aarch64.whl", hash = "sha256:e75fa55161d9477e694f852cad0d383c6b4a5c3b505a5d08339f0e2260c2556c", size = 680634, upload-time = "2026-09-29T00:22:41.394Z" },
    { url = "https://files.pythonhosted.org/packages/9a/15/b7d62225c126c73ef65cc3ea9478f4c06bb7a4b39cf9e12237b9ca88554a/mlx-0.32.3-cp312-cp312-manylinux_2_35_x86_64.whl", hash = "sha256:b91012fdd5ec5cbedcec2cae6adfaad9a8f547023e570fc5781cb7eb4bfe2567", size = 754620, upload-time = "2026-09-29T00:22:43.068Z" },
    { url = "https://files.pythonhosted.org/packages/dc/82/372271f6daf3d73da955b0e9438327f83f66dfb4855465d53d8d1666b61c/mlx-0.32.3-cp312-cp312-win_amd64.whl", hash = "sha256:be5cb6554873d3c86f083fb0b35aedf4a1f12657adee4ac0fc90665ffd7e6722", size = 629327, upload-time = "2026-09-29T00:22:44.845Z" },
    { url = "https://files.pythonhosted.org/packages/6e/bc/401cad7f79b1ef5ecae0c4e452d52279c10be76c9e866963c25c5d41b0ce/mlx-0.32.3-cp312-cp312-win_arm64.whl", hash = "sha256:e32d595df067f19739f1e214e723035ed2a9c216fb1ed3cd118d08f19b9cfabd", size = 620647, upload-time = "2026-09-29T00:22:46.481Z" },
]

[[package]]
name = "mlx-metal"
version = "0.32.3"
source = { registry = "https://pypi.org/simple" }
wheels = [
    { url = "https://files.pythonhosted.org/packages/f8/ed/8510985bcb24a6eae359a5441ce4cedcee13b84258a010cd0e515e9fb0bc/mlx_metal-0.32.3-py3-none-macosx_14_0_arm64.whl", hash = "sha256:fdba88ed9131448cf163be2c7ad6374746d8818205f28657aa91b6c69050f691", size = 42205858, upload-time = "2026-09-29T00:14:27.819Z" },
    { url = "https://files.pythonhosted.org/packages/3c/dc/4f852295fbe357bb9d3a2bfd55361a520b94ded873b72dc58b34a7f507cd/mlx_metal-0.32.3-py3-none-macosx_15_0_arm64.whl", hash = "sha256:feea99fe4d01f9e9f33ca73d869f988219a1725de1c18870baa7d5cd5aef6cb3", size = 42187333, upload-time = "2026-09-29T00:14:33.861Z" },
    { url = "https://files.pythonhosted.org/packages/ee/38/cb985ca86979ca6f954a2a45eb6e3f9b787c5d55227564a04f87953b3d56/mlx_metal-0.32.3-py3-none-macosx_26_0_arm64.whl", hash = "sha256:34ae9b83ad2f0ccdd3e5d48ec35176e7119f57069eef187122916dc941a4ae1f", size = 67661845, upload-time = "2026-09-29T00:14:41.248Z" },
]

[[package]]
name = "numpy"
version = "2.2.6"
source = { registry = "https://pypi.org/simple" }
sdist = { url = "https://files.pythonhosted.org/packages/76/21/7d2a95e4bba9dc13d043ee156a356c0a8f0c6309dff6b21b4d71a073b8a8/numpy-2.2.6.tar.gz", hash = "sha256:e29554e2bef54a90aa5cc07da6ce955accb83f21ab5de01a62c8478897b264fd", size = 20276440, upload-time = "2025-05-17T22:38:04.611Z" }
wheels = [
    { url = "https://files.pythonhosted.org/packages/82/5d/c00588b6cf18e1da539b45d3598d3557084990dcc4331960c15ee776ee41/numpy-2.2.6-cp312-cp312-macosx_10_13_x86_64.whl", hash = "sha256:41c5a21f4a04fa86436124d388f6ed60a9343a6f767fced1a8a71c3fbca038ff", size = 20875348, upload-time = "2025-05-17T21:34:39.648Z" },
    { url = "https://files.pythonhosted.org/packages/66/ee/560deadcdde6c2f90200450d5938f63a34b37e27ebff162810f716f6a230/numpy-2.2.6-cp312-cp312-macosx_11_0_arm64.whl", hash = "sha256:de749064336d37e340f640b05f24e9e3dd678c57318c7289d222a8a2f543e90c", size = 14119362, upload-time = "2025-05-17T21:35:01.241Z" },
    { url = "https://files.pythonhosted.org/packages/3c/65/4baa99f1c53b30adf0acd9a5519078871ddde8d2339dc5a7fde80d9d87da/numpy-2.2.6-cp312-cp312-macosx_14_0_arm64.whl", hash = "sha256:894b3a42502226a1cac872f840030665f33326fc3dac8e57c607905773cdcde3", size = 5084103, upload-time = "2025-05-17T21:35:10.622Z" },
    { url = "https://files.pythonhosted.org/packages/cc/89/e5a34c071a0570cc40c9a54eb472d113eea6d002e9ae12bb3a8407fb912e/numpy-2.2.6-cp312-cp312-macosx_14_0_x86_64.whl", hash = "sha256:71594f7c51a18e728451bb50cc60a3ce4e6538822731b2933209a1f3614e9282", size = 6625382, upload-time = "2025-05-17T21:35:21.414Z" },
    { url = "https://files.pythonhosted.org/packages/f8/35/8c80729f1ff76b3921d5c9487c7ac3de9b2a103b1cd05e905b3090513510/numpy-2.2.6-cp312-cp312-manylinux_2_17_aarch64.manylinux2014_aarch64.whl", hash = "sha256:f2618db89be1b4e05f7a1a847a9c1c0abd63e63a1607d892dd54668dd92faf87", size = 14018462, upload-time = "2025-05-17T21:35:42.174Z" },
    { url = "https://files.pythonhosted.org/packages/8c/3d/1e1db36cfd41f895d266b103df00ca5b3cbe965184df824dec5c08c6b803/numpy-2.2.6-cp312-cp312-manylinux_2_17_x86_64.manylinux2014_x86_64.whl", hash = "sha256:fd83c01228a688733f1ded5201c678f0c53ecc1006ffbc404db9f7a899ac6249", size = 16527618, upload-time = "2025-05-17T21:36:06.711Z" },
    { url = "https://files.pythonhosted.org/packages/61/c6/03ed30992602c85aa3cd95b9070a514f8b3c33e31124694438d88809ae36/numpy-2.2.6-cp312-cp312-musllinux_1_2_aarch64.whl", hash = "sha256:37c0ca431f82cd5fa716eca9506aefcabc247fb27ba69c5062a6d3ade8cf8f49", size = 15505511, upload-time = "2025-05-17T21:36:29.965Z" },
    { url = "https://files.pythonhosted.org/packages/b7/25/5761d832a81df431e260719ec45de696414266613c9ee268394dd5ad8236/numpy-2.2.6-cp312-cp312-musllinux_1_2_x86_64.whl", hash = "sha256:fe27749d33bb772c80dcd84ae7e8df2adc920ae8297400dabec45f0dedb3f6de", size = 18313783, upload-time = "2025-05-17T21:36:56.883Z" },
    { url = "https://files.pythonhosted.org/packages/57/0a/72d5a3527c5ebffcd47bde9162c39fae1f90138c961e5296491ce778e682/numpy-2.2.6-cp312-cp312-win32.whl", hash = "sha256:4eeaae00d789f66c7a25ac5f34b71a7035bb474e679f410e5e1a94deb24cf2d4", size = 6246506, upload-time = "2025-05-17T21:37:07.368Z" },
    { url = "https://files.pythonhosted.org/packages/36/fa/8c9210162ca1b88529ab76b41ba02d433fd54fecaf6feb70ef9f124683f1/numpy-2.2.6-cp312-cp312-win_amd64.whl", hash = "sha256:c1f9540be57940698ed329904db803cf7a402f3fc200bfe599334c9bd84a40b2", size = 12614190, upload-time = "2025-05-17T21:37:26.213Z" },
]

[[package]]
name = "packaging"
version = "26.3"
source = { registry = "https://pypi.org/simple" }
sdist = { url = "https://files.pythonhosted.org/packages/7d/fa/3944b40b07da9ce895c0e6303a5ab7d53da063554f534556b134a54d6093/packaging-26.3.tar.gz", hash = "sha256:94edc256424af38762eb31306eed28beb9f0efc50a8837492c9d6fd6004aed79", size = 313412, upload-time = "2026-08-04T18:15:28.737Z" }
wheels = [
    { url = "https://files.pythonhosted.org/packages/63/34/ba1c580383c9eada3711951fef0795c80b829a078d72188184bcab9dd527/packaging-26.3-py3-none-any.whl", hash = "sha256:d7193f7c8e4e93f444fde0262bf90af30e16fa0ad0ad44cb553c87339b23cd1c", size = 129956, upload-time = "2026-08-04T18:15:27.159Z" },
]

[[package]]
name = "pluggy"
version = "1.6.0"
source = { registry = "https://pypi.org/simple" }
sdist = { url = "https://files.pythonhosted.org/packages/f9/e2/3e91f31a7d2b083fe6ef3fa267035b518369d9511ffab804f839851d2779/pluggy-1.6.0.tar.gz", hash = "sha256:7dcc130b76258d33b90f61b658791dede3486c3e6bfb003ee5c9bfb396dd22f3", size = 69412, upload-time = "2025-05-15T12:30:07.975Z" }
wheels = [
    { url = "https://files.pythonhosted.org/packages/54/20/4d324d65cc6d9205fabedc306948156824eb9f0ee1633355a8f7ec5c66bf/pluggy-1.6.0-py3-none-any.whl", hash = "sha256:e920276dd6813095e9377c0bc5566d94c932c33b27a3e3945d8389c374dd4746", size = 20538, upload-time = "2025-05-15T12:30:06.134Z" },
]

[[package]]
name = "pygments"
version = "2.21.0"
source = { registry = "https://pypi.org/simple" }
sdist = { url = "https://files.pythonhosted.org/packages/49/2e/ced460408999b33da6b31b0021b0f37d329e202d4169aeb164493778f25b/pygments-2.21.0.tar.gz", hash = "sha256:610ca751c9bc2492b38eb9a38a7fbc93edbbb2d7182edaf34e66ae493dee5c8c", size = 5005329, upload-time = "2026-08-17T08:02:48.824Z" }
wheels = [
    { url = "https://files.pythonhosted.org/packages/71/46/17f022dd3e953bf20a04a028a21ec746d942f8d2af30fa0f124fa0e6a684/pygments-2.21.0-py3-none-any.whl", hash = "sha256:2363c69b61c4a97c838da3b130dcd6468f4848992b21a82f2a63ec34377137d9", size = 1250147, upload-time = "2026-08-17T08:02:44.912Z" },
]

[[package]]
name = "pytest"
version = "8.4.2"
source = { registry = "https://pypi.org/simple" }
dependencies = [
    { name = "colorama", marker = "sys_platform == 'win32'" },
    { name = "iniconfig" },
    { name = "packaging" },
    { name = "pluggy" },
    { name = "pygments" },
]
sdist = { url = "https://files.pythonhosted.org/packages/a3/5c/00a0e072241553e1a7496d638deababa67c5058571567b92a7eaa258397c/pytest-8.4.2.tar.gz", hash = "sha256:86c0d0b93306b961d58d62a4db4879f27fe25513d4b969df351abdddb3c30e01", size = 1519618, upload-time = "2025-09-04T14:34:22.711Z" }
wheels = [
    { url = "https://files.pythonhosted.org/packages/a8/a4/20da314d277121d6534b3a980b29035dcd51e6744bd79075a6ce8fa4eb8d/pytest-8.4.2-py3-none-any.whl", hash = "sha256:872f880de3fc3a5bdc88a11b39c9710c3497a547cfa9320bc3c5e62fbf272e79", size = 365750, upload-time = "2025-09-04T14:34:20.226Z" },
]

[[package]]
name = "unicodedata2"
version = "15.1.0"
source = { registry = "https://pypi.org/simple" }
sdist = { url = "https://files.pythonhosted.org/packages/7f/35/12c70556a27ad6196135ddb37030d1a989234ef41f05995a166297651a49/unicodedata2-15.1.0.tar.gz", hash = "sha256:cb30f189ad66482f8529a45da71b2a8841e9bd2bb376cc2933003a4a55a07648", size = 592892, upload-time = "2023-09-27T17:50:54.305Z" }
wheels = [
    { url = "https://files.pythonhosted.org/packages/ee/cb/2581b0f1a5d47d3863188d0c2a155d88656027ed96e97c22aa784d450c06/unicodedata2-15.1.0-cp312-cp312-macosx_10_9_universal2.whl", hash = "sha256:4c2100566694cfd35b12be4845723f3427833e1cc685a15d5895b705f9bd2086", size = 857243, upload-time = "2023-09-27T17:49:34.457Z" },
    { url = "https://files.pythonhosted.org/packages/6e/a4/1e5aad9cc3e23624884bae4cbb43f2cd127cfcb037b3dd80edcc6ef0d17c/unicodedata2-15.1.0-cp312-cp312-macosx_10_9_x86_64.whl", hash = "sha256:8de2240f942ce8a44871edcbc05f554e9d3d8a1f274c591835048dfde7b9afe2", size = 428026, upload-time = "2023-09-27T17:49:35.926Z" },
    { url = "https://files.pythonhosted.org/packages/c5/6c/17c5143b33ad44529219187c933d0d4d9de18981b034ac182c71b5318923/unicodedata2-15.1.0-cp312-cp312-manylinux_2_17_x86_64.manylinux2014_x86_64.whl", hash = "sha256:bcdcd195484ba8ef19bef04ec14dcd8b1f8d6560fc517462ee0e010f5f545d75", size = 471953, upload-time = "2023-09-27T17:49:37.991Z" },
    { url = "https://files.pythonhosted.org/packages/c6/6b/a8058e144f18a183b4246c810870e23e903a53ae5ba09723d6ca68cc1bd7/unicodedata2-15.1.0-cp312-cp312-musllinux_1_1_x86_64.whl", hash = "sha256:5b28ecf16d249bd4a9808db0ae0fdaa6f499d625e39d96800b8d2b424bf996b9", size = 478208, upload-time = "2023-09-27T17:49:39.561Z" },
    { url = "https://files.pythonhosted.org/packages/2c/e7/0667e11550b3e6c201d9eb728afc845667df9b1c0705fedfab7d4d12785d/unicodedata2-15.1.0-cp312-cp312-win32.whl", hash = "sha256:1062fe558eab6841063d2c36c104365e7e555740d8617acc32326b1a6c58fd96", size = 427203, upload-time = "2023-09-27T17:49:40.937Z" },
    { url = "https://files.pythonhosted.org/packages/cb/fc/5b8db7abfcd2d35ecc3b534ec6d1e458d98df023521ada8018559f71ad24/unicodedata2-15.1.0-cp312-cp312-win_amd64.whl", hash = "sha256:1790660996157d3b468e44a8f1b2f6061a95fa8316e09d673cf554fa5ef185f4", size = 427771, upload-time = "2023-09-27T17:49:42.384Z" },
]
